// !$*UTF8*$!
{
	archiveVersion = 1;
	classes = {
	};
	objectVersion = 63;
	objects = {

/* Begin PBXBuildFile section */
		4760E90E2D43CA0C00E31B60 /* HomeView.swift in Sources */ = {isa = PBXBuildFile; fileRef = 4760E90D2D43CA0C00E31B60 /* HomeView.swift */; };
		4760E9102D43CA1300E31B60 /* HomeViewModel.swift in Sources */ = {isa = PBXBuildFile; fileRef = 4760E90F2D43CA1300E31B60 /* HomeViewModel.swift */; };
		4760E9162D43CDC000E31B60 /* BackgroundView.swift in Sources */ = {isa = PBXBuildFile; fileRef = 4760E9142D43CDC000E31B60 /* BackgroundView.swift */; };
		4760E9232D43D16200E31B60 /* ProjectsView.swift in Sources */ = {isa = PBXBuildFile; fileRef = 4760E91F2D43D16200E31B60 /* ProjectsView.swift */; };
		4760E9242D43D16200E31B60 /* ProjectsViewModel.swift in Sources */ = {isa = PBXBuildFile; fileRef = 4760E9202D43D16200E31B60 /* ProjectsViewModel.swift */; };
		4760E9272D43D2B600E31B60 /* Project.swift in Sources */ = {isa = PBXBuildFile; fileRef = 4760E9262D43D2B600E31B60 /* Project.swift */; };
		4760E92A2D43D44E00E31B60 /* TeamMember.swift in Sources */ = {isa = PBXBuildFile; fileRef = 4760E9292D43D44E00E31B60 /* TeamMember.swift */; };
		4760E92C2D43D57B00E31B60 /* Team.swift in Sources */ = {isa = PBXBuildFile; fileRef = 4760E92B2D43D57B00E31B60 /* Team.swift */; };
		4760E92E2D43D6AF00E31B60 /* ProjectFilterView.swift in Sources */ = {isa = PBXBuildFile; fileRef = 4760E92D2D43D6AF00E31B60 /* ProjectFilterView.swift */; };
		4760E9302D43D70400E31B60 /* ProjectFilterCheckBox.swift in Sources */ = {isa = PBXBuildFile; fileRef = 4760E92F2D43D70400E31B60 /* ProjectFilterCheckBox.swift */; };
		4760E9362D43DF4E00E31B60 /* TeamsView.swift in Sources */ = {isa = PBXBuildFile; fileRef = 4760E9352D43DF4E00E31B60 /* TeamsView.swift */; };
		4760E9382D43DF5600E31B60 /* TeamsViewModel.swift in Sources */ = {isa = PBXBuildFile; fileRef = 4760E9372D43DF5600E31B60 /* TeamsViewModel.swift */; };
		4760E95A2D43E0FD00E31B60 /* OnboardingView.swift in Sources */ = {isa = PBXBuildFile; fileRef = 4760E94D2D43E0FD00E31B60 /* OnboardingView.swift */; };
		4760E95B2D43E0FD00E31B60 /* OnboardingViewModel.swift in Sources */ = {isa = PBXBuildFile; fileRef = 4760E94E2D43E0FD00E31B60 /* OnboardingViewModel.swift */; };
		4760E95C2D43E0FD00E31B60 /* OnboardingViewTabView.swift in Sources */ = {isa = PBXBuildFile; fileRef = 4760E9502D43E0FD00E31B60 /* OnboardingViewTabView.swift */; };
		4760E95D2D43E0FD00E31B60 /* PreloaderView.swift in Sources */ = {isa = PBXBuildFile; fileRef = 4760E9532D43E0FD00E31B60 /* PreloaderView.swift */; };
		4760E95E2D43E0FD00E31B60 /* RegistrationView.swift in Sources */ = {isa = PBXBuildFile; fileRef = 4760E9552D43E0FD00E31B60 /* RegistrationView.swift */; };
		4760E95F2D43E0FD00E31B60 /* RegistrationViewModel.swift in Sources */ = {isa = PBXBuildFile; fileRef = 4760E9562D43E0FD00E31B60 /* RegistrationViewModel.swift */; };
		4760E9602D43E0FD00E31B60 /* UserTypeButton.swift in Sources */ = {isa = PBXBuildFile; fileRef = 4760E9572D43E0FD00E31B60 /* UserTypeButton.swift */; };
		4760E9662D43E34600E31B60 /* SearchView.swift in Sources */ = {isa = PBXBuildFile; fileRef = 4760E9642D43E34600E31B60 /* SearchView.swift */; };
		4760E96A2D44E8EB00E31B60 /* CreateTeamView.swift in Sources */ = {isa = PBXBuildFile; fileRef = 4760E9692D44E8EB00E31B60 /* CreateTeamView.swift */; };
		4760E96C2D44E8F000E31B60 /* CreateTeamViewModel.swift in Sources */ = {isa = PBXBuildFile; fileRef = 4760E96B2D44E8F000E31B60 /* CreateTeamViewModel.swift */; };
		4760E96E2D44EF5600E31B60 /* TeamCell.swift in Sources */ = {isa = PBXBuildFile; fileRef = 4760E96D2D44EF5600E31B60 /* TeamCell.swift */; };
		4760E9702D44F03600E31B60 /* TeamMemberImage.swift in Sources */ = {isa = PBXBuildFile; fileRef = 4760E96F2D44F03600E31B60 /* TeamMemberImage.swift */; };
		4760E9792D44F67B00E31B60 /* EditTeamView.swift in Sources */ = {isa = PBXBuildFile; fileRef = 4760E9762D44F67B00E31B60 /* EditTeamView.swift */; };
		4760E97A2D44F67B00E31B60 /* EditTeamViewModel.swift in Sources */ = {isa = PBXBuildFile; fileRef = 4760E9772D44F67B00E31B60 /* EditTeamViewModel.swift */; };
		4760E9802D44FB5B00E31B60 /* TeamMemberCell.swift in Sources */ = {isa = PBXBuildFile; fileRef = 4760E97E2D44FB5B00E31B60 /* TeamMemberCell.swift */; };
		4760E9842D45039700E31B60 /* AddTeamMemberView.swift in Sources */ = {isa = PBXBuildFile; fileRef = 4760E9832D45039700E31B60 /* AddTeamMemberView.swift */; };
		4760E9862D45039C00E31B60 /* AddTeamMemberViewModel.swift in Sources */ = {isa = PBXBuildFile; fileRef = 4760E9852D45039C00E31B60 /* AddTeamMemberViewModel.swift */; };
		479CAEC02D451D8F008E0A28 /* CreateProjectView.swift in Sources */ = {isa = PBXBuildFile; fileRef = 479CAEBD2D451D8F008E0A28 /* CreateProjectView.swift */; };
		479CAEC12D451D8F008E0A28 /* CreateProjectViewModel.swift in Sources */ = {isa = PBXBuildFile; fileRef = 479CAEBE2D451D8F008E0A28 /* CreateProjectViewModel.swift */; };
		479CAEC32D45275F008E0A28 /* ProjectCell.swift in Sources */ = {isa = PBXBuildFile; fileRef = 479CAEC22D45275F008E0A28 /* ProjectCell.swift */; };
		479CAECE2D462C47008E0A28 /* ProjectDetailsView.swift in Sources */ = {isa = PBXBuildFile; fileRef = 479CAECB2D462C47008E0A28 /* ProjectDetailsView.swift */; };
		479CAECF2D462C47008E0A28 /* ProjectDetailsViewModel.swift in Sources */ = {isa = PBXBuildFile; fileRef = 479CAECC2D462C47008E0A28 /* ProjectDetailsViewModel.swift */; };
		479CAED52D463820008E0A28 /* ProjectInfoPresenter.swift in Sources */ = {isa = PBXBuildFile; fileRef = 479CAED32D463820008E0A28 /* ProjectInfoPresenter.swift */; };
		479CAED92D4645B4008E0A28 /* CostStatisticsChart.swift in Sources */ = {isa = PBXBuildFile; fileRef = 479CAED82D4645B4008E0A28 /* CostStatisticsChart.swift */; };
		479CAEDB2D4647AE008E0A28 /* ChartRow.swift in Sources */ = {isa = PBXBuildFile; fileRef = 479CAEDA2D4647AE008E0A28 /* ChartRow.swift */; };
		479CAEE42D4651E7008E0A28 /* FAQView.swift in Sources */ = {isa = PBXBuildFile; fileRef = 479CAEE12D4651E7008E0A28 /* FAQView.swift */; };
		479CAEE52D4651E7008E0A28 /* FAQViewModel.swift in Sources */ = {isa = PBXBuildFile; fileRef = 479CAEE22D4651E7008E0A28 /* FAQViewModel.swift */; };
		479CAEE72D4654D4008E0A28 /* FAQCell.swift in Sources */ = {isa = PBXBuildFile; fileRef = 479CAEE62D4654D4008E0A28 /* FAQCell.swift */; };
		479CAEF02D46568A008E0A28 /* ProfileView.swift in Sources */ = {isa = PBXBuildFile; fileRef = 479CAEED2D46568A008E0A28 /* ProfileView.swift */; };
		479CAEF12D46568A008E0A28 /* ProfileViewModel.swift in Sources */ = {isa = PBXBuildFile; fileRef = 479CAEEE2D46568A008E0A28 /* ProfileViewModel.swift */; };
		479CAEF42D465BAB008E0A28 /* ProfileButton.swift in Sources */ = {isa = PBXBuildFile; fileRef = 479CAEF22D465BAB008E0A28 /* ProfileButton.swift */; };
		47C547842D4130330002AEE6 /* Assets.xcassets in Resources */ = {isa = PBXBuildFile; fileRef = 47C547782D4130330002AEE6 /* Assets.xcassets */; };
		47C547862D4130330002AEE6 /* LaunchScreen.storyboard in Resources */ = {isa = PBXBuildFile; fileRef = 47C5477B2D4130330002AEE6 /* LaunchScreen.storyboard */; };
		47C5480A2D4130D70002AEE6 /* NextButton.swift in Sources */ = {isa = PBXBuildFile; fileRef = 47C547A42D4130D70002AEE6 /* NextButton.swift */; };
		47C5480C2D4130D70002AEE6 /* RootContentViewModel.swift in Sources */ = {isa = PBXBuildFile; fileRef = 47C548072D4130D70002AEE6 /* RootContentViewModel.swift */; };
		47C5480D2D4130D70002AEE6 /* MenuPicker.swift in Sources */ = {isa = PBXBuildFile; fileRef = 47C547A02D4130D70002AEE6 /* MenuPicker.swift */; };
		47C548112D4130D70002AEE6 /* DefaultsService.swift in Sources */ = {isa = PBXBuildFile; fileRef = 47C547C12D4130D70002AEE6 /* DefaultsService.swift */; };
		47C548122D4130D70002AEE6 /* RootContentView.swift in Sources */ = {isa = PBXBuildFile; fileRef = 47C548062D4130D70002AEE6 /* RootContentView.swift */; };
		47C548162D4130D70002AEE6 /* ImagePicker.swift in Sources */ = {isa = PBXBuildFile; fileRef = 47C547922D4130D70002AEE6 /* ImagePicker.swift */; };
		47C548172D4130D70002AEE6 /* ShareSheet.swift in Sources */ = {isa = PBXBuildFile; fileRef = 47C547942D4130D70002AEE6 /* ShareSheet.swift */; };
		47C5481D2D4130D70002AEE6 /* Date+Additions.swift in Sources */ = {isa = PBXBuildFile; fileRef = 47C5478C2D4130D70002AEE6 /* Date+Additions.swift */; };
		47C5481F2D4130D70002AEE6 /* CustomTextField.swift in Sources */ = {isa = PBXBuildFile; fileRef = 47C5479A2D4130D70002AEE6 /* CustomTextField.swift */; };
		47C548212D4130D70002AEE6 /* Double+Additions.swift in Sources */ = {isa = PBXBuildFile; fileRef = 47C5478D2D4130D70002AEE6 /* Double+Additions.swift */; };
		47C548222D4130D70002AEE6 /* TabBarCustomView.swift in Sources */ = {isa = PBXBuildFile; fileRef = 47C547F72D4130D70002AEE6 /* TabBarCustomView.swift */; };
		47C548242D4130D70002AEE6 /* NavigationBarView.swift in Sources */ = {isa = PBXBuildFile; fileRef = 47C547A22D4130D70002AEE6 /* NavigationBarView.swift */; };
		47C5482B2D4130D70002AEE6 /* LinearGradientBackground.swift in Sources */ = {isa = PBXBuildFile; fileRef = 47C5479E2D4130D70002AEE6 /* LinearGradientBackground.swift */; };
		47C5482C2D4130D70002AEE6 /* UINavigationController+Additions.swift in Sources */ = {isa = PBXBuildFile; fileRef = 47C5478F2D4130D70002AEE6 /* UINavigationController+Additions.swift */; };
		47C5482E2D4130D70002AEE6 /* View+Additions.swift in Sources */ = {isa = PBXBuildFile; fileRef = 47C547902D4130D70002AEE6 /* View+Additions.swift */; };
		47C5482F2D4130D70002AEE6 /* Fonts.generated.swift in Sources */ = {isa = PBXBuildFile; fileRef = 47C547B12D4130D70002AEE6 /* Fonts.generated.swift */; };
		47C548312D4130D70002AEE6 /* BackButton.swift in Sources */ = {isa = PBXBuildFile; fileRef = 47C547962D4130D70002AEE6 /* BackButton.swift */; };
		47C548322D4130D70002AEE6 /* TabBarViewModel.swift in Sources */ = {isa = PBXBuildFile; fileRef = 47C547F82D4130D70002AEE6 /* TabBarViewModel.swift */; };
		47C548352D4130D70002AEE6 /* String+Additions.swift in Sources */ = {isa = PBXBuildFile; fileRef = 47C5478E2D4130D70002AEE6 /* String+Additions.swift */; };
		47C548362D4130D70002AEE6 /* User.swift in Sources */ = {isa = PBXBuildFile; fileRef = 47C547AC2D4130D70002AEE6 /* User.swift */; };
		47C548382D4130D70002AEE6 /* SwiftUIViewWebView.swift in Sources */ = {isa = PBXBuildFile; fileRef = 47C547A62D4130D70002AEE6 /* SwiftUIViewWebView.swift */; };
		47C548392D4130D70002AEE6 /* FileManagerService.swift in Sources */ = {isa = PBXBuildFile; fileRef = 47C547C42D4130D70002AEE6 /* FileManagerService.swift */; };
		47C5483A2D4130D70002AEE6 /* FileManager+Image.swift in Sources */ = {isa = PBXBuildFile; fileRef = 47C547C32D4130D70002AEE6 /* FileManager+Image.swift */; };
		47C5483C2D4130D70002AEE6 /* Images.generated.swift in Sources */ = {isa = PBXBuildFile; fileRef = 47C547BE2D4130D70002AEE6 /* Images.generated.swift */; };
		47C5483D2D4130D70002AEE6 /* DatePickerView.swift in Sources */ = {isa = PBXBuildFile; fileRef = 47C5479C2D4130D70002AEE6 /* DatePickerView.swift */; };
		47C548432D4130D70002AEE6 /* Colors.generated.swift in Sources */ = {isa = PBXBuildFile; fileRef = 47C547AF2D4130D70002AEE6 /* Colors.generated.swift */; };
		47C548472D4130D70002AEE6 /* TabBar.swift in Sources */ = {isa = PBXBuildFile; fileRef = 47C547F62D4130D70002AEE6 /* TabBar.swift */; };
		47C548482D4130D70002AEE6 /* RootViewController.swift in Sources */ = {isa = PBXBuildFile; fileRef = 47C547892D4130D70002AEE6 /* RootViewController.swift */; };
		47C548492D4130D70002AEE6 /* AppDelegate.swift in Sources */ = {isa = PBXBuildFile; fileRef = 47C547882D4130D70002AEE6 /* AppDelegate.swift */; };
		47C5484C2D4130D70002AEE6 /* SceneDelegate.swift in Sources */ = {isa = PBXBuildFile; fileRef = 47C5478A2D4130D70002AEE6 /* SceneDelegate.swift */; };
		47C5484F2D4130D70002AEE6 /* CustomProgressView.swift in Sources */ = {isa = PBXBuildFile; fileRef = 47C547982D4130D70002AEE6 /* CustomProgressView.swift */; };
		47C548502D4130D70002AEE6 /* SFPRODISPLAYREGULAR.OTF in Resources */ = {isa = PBXBuildFile; fileRef = 47C547B82D4130D70002AEE6 /* SFPRODISPLAYREGULAR.OTF */; };
		47C548512D4130D70002AEE6 /* SFPRODISPLAYLIGHTITALIC.OTF in Resources */ = {isa = PBXBuildFile; fileRef = 47C547B62D4130D70002AEE6 /* SFPRODISPLAYLIGHTITALIC.OTF */; };
		47C548522D4130D70002AEE6 /* FontsFree-Net-SFProDisplay-Semibold.ttf in Resources */ = {isa = PBXBuildFile; fileRef = 47C547B22D4130D70002AEE6 /* FontsFree-Net-SFProDisplay-Semibold.ttf */; };
		47C548532D4130D70002AEE6 /* SFPRODISPLAYTHINITALIC.OTF in Resources */ = {isa = PBXBuildFile; fileRef = 47C547BA2D4130D70002AEE6 /* SFPRODISPLAYTHINITALIC.OTF */; };
		47C548542D4130D70002AEE6 /* SFPRODISPLAYBLACKITALIC.OTF in Resources */ = {isa = PBXBuildFile; fileRef = 47C547B32D4130D70002AEE6 /* SFPRODISPLAYBLACKITALIC.OTF */; };
		47C548552D4130D70002AEE6 /* SFPRODISPLAYSEMIBOLDITALIC.OTF in Resources */ = {isa = PBXBuildFile; fileRef = 47C547B92D4130D70002AEE6 /* SFPRODISPLAYSEMIBOLDITALIC.OTF */; };
		47C548562D4130D70002AEE6 /* Images.xcassets in Resources */ = {isa = PBXBuildFile; fileRef = 47C547BD2D4130D70002AEE6 /* Images.xcassets */; };
		47C548572D4130D70002AEE6 /* Colors.xcassets in Resources */ = {isa = PBXBuildFile; fileRef = 47C547AE2D4130D70002AEE6 /* Colors.xcassets */; };
		47C548582D4130D70002AEE6 /* SFPRODISPLAYULTRALIGHTITALIC.OTF in Resources */ = {isa = PBXBuildFile; fileRef = 47C547BB2D4130D70002AEE6 /* SFPRODISPLAYULTRALIGHTITALIC.OTF */; };
		47C548592D4130D70002AEE6 /* SFPRODISPLAYMEDIUM.OTF in Resources */ = {isa = PBXBuildFile; fileRef = 47C547B72D4130D70002AEE6 /* SFPRODISPLAYMEDIUM.OTF */; };
		47C5485A2D4130D70002AEE6 /* SFPRODISPLAYHEAVYITALIC.OTF in Resources */ = {isa = PBXBuildFile; fileRef = 47C547B52D4130D70002AEE6 /* SFPRODISPLAYHEAVYITALIC.OTF */; };
		47C5485B2D4130D70002AEE6 /* SFPRODISPLAYBOLD.OTF in Resources */ = {isa = PBXBuildFile; fileRef = 47C547B42D4130D70002AEE6 /* SFPRODISPLAYBOLD.OTF */; };
		47C5485F2D416EDB0002AEE6 /* CircularProgressBar.swift in Sources */ = {isa = PBXBuildFile; fileRef = 47C5485E2D416EDB0002AEE6 /* CircularProgressBar.swift */; };
		47C548612D417C330002AEE6 /* swiftgen.yml in Resources */ = {isa = PBXBuildFile; fileRef = 47C548602D417C330002AEE6 /* swiftgen.yml */; };
/* End PBXBuildFile section */

/* Begin PBXFileReference section */
		4760E90D2D43CA0C00E31B60 /* HomeView.swift */ = {isa = PBXFileReference; lastKnownFileType = sourcecode.swift; path = HomeView.swift; sourceTree = "<group>"; };
		4760E90F2D43CA1300E31B60 /* HomeViewModel.swift */ = {isa = PBXFileReference; lastKnownFileType = sourcecode.swift; path = HomeViewModel.swift; sourceTree = "<group>"; };
		4760E9142D43CDC000E31B60 /* BackgroundView.swift */ = {isa = PBXFileReference; lastKnownFileType = sourcecode.swift; path = BackgroundView.swift; sourceTree = "<group>"; };
		4760E91F2D43D16200E31B60 /* ProjectsView.swift */ = {isa = PBXFileReference; lastKnownFileType = sourcecode.swift; path = ProjectsView.swift; sourceTree = "<group>"; };
		4760E9202D43D16200E31B60 /* ProjectsViewModel.swift */ = {isa = PBXFileReference; lastKnownFileType = sourcecode.swift; path = ProjectsViewModel.swift; sourceTree = "<group>"; };
		4760E9262D43D2B600E31B60 /* Project.swift */ = {isa = PBXFileReference; lastKnownFileType = sourcecode.swift; path = Project.swift; sourceTree = "<group>"; };
		4760E9292D43D44E00E31B60 /* TeamMember.swift */ = {isa = PBXFileReference; lastKnownFileType = sourcecode.swift; path = TeamMember.swift; sourceTree = "<group>"; };
		4760E92B2D43D57B00E31B60 /* Team.swift */ = {isa = PBXFileReference; lastKnownFileType = sourcecode.swift; path = Team.swift; sourceTree = "<group>"; };
		4760E92D2D43D6AF00E31B60 /* ProjectFilterView.swift */ = {isa = PBXFileReference; lastKnownFileType = sourcecode.swift; path = ProjectFilterView.swift; sourceTree = "<group>"; };
		4760E92F2D43D70400E31B60 /* ProjectFilterCheckBox.swift */ = {isa = PBXFileReference; lastKnownFileType = sourcecode.swift; path = ProjectFilterCheckBox.swift; sourceTree = "<group>"; };
		4760E9352D43DF4E00E31B60 /* TeamsView.swift */ = {isa = PBXFileReference; lastKnownFileType = sourcecode.swift; path = TeamsView.swift; sourceTree = "<group>"; };
		4760E9372D43DF5600E31B60 /* TeamsViewModel.swift */ = {isa = PBXFileReference; lastKnownFileType = sourcecode.swift; path = TeamsViewModel.swift; sourceTree = "<group>"; };
		4760E94D2D43E0FD00E31B60 /* OnboardingView.swift */ = {isa = PBXFileReference; lastKnownFileType = sourcecode.swift; path = OnboardingView.swift; sourceTree = "<group>"; };
		4760E94E2D43E0FD00E31B60 /* OnboardingViewModel.swift */ = {isa = PBXFileReference; lastKnownFileType = sourcecode.swift; path = OnboardingViewModel.swift; sourceTree = "<group>"; };
		4760E9502D43E0FD00E31B60 /* OnboardingViewTabView.swift */ = {isa = PBXFileReference; lastKnownFileType = sourcecode.swift; path = OnboardingViewTabView.swift; sourceTree = "<group>"; };
		4760E9532D43E0FD00E31B60 /* PreloaderView.swift */ = {isa = PBXFileReference; lastKnownFileType = sourcecode.swift; path = PreloaderView.swift; sourceTree = "<group>"; };
		4760E9552D43E0FD00E31B60 /* RegistrationView.swift */ = {isa = PBXFileReference; lastKnownFileType = sourcecode.swift; path = RegistrationView.swift; sourceTree = "<group>"; };
		4760E9562D43E0FD00E31B60 /* RegistrationViewModel.swift */ = {isa = PBXFileReference; lastKnownFileType = sourcecode.swift; path = RegistrationViewModel.swift; sourceTree = "<group>"; };
		4760E9572D43E0FD00E31B60 /* UserTypeButton.swift */ = {isa = PBXFileReference; lastKnownFileType = sourcecode.swift; path = UserTypeButton.swift; sourceTree = "<group>"; };
		4760E9642D43E34600E31B60 /* SearchView.swift */ = {isa = PBXFileReference; lastKnownFileType = sourcecode.swift; path = SearchView.swift; sourceTree = "<group>"; };
		4760E9692D44E8EB00E31B60 /* CreateTeamView.swift */ = {isa = PBXFileReference; lastKnownFileType = sourcecode.swift; path = CreateTeamView.swift; sourceTree = "<group>"; };
		4760E96B2D44E8F000E31B60 /* CreateTeamViewModel.swift */ = {isa = PBXFileReference; lastKnownFileType = sourcecode.swift; path = CreateTeamViewModel.swift; sourceTree = "<group>"; };
		4760E96D2D44EF5600E31B60 /* TeamCell.swift */ = {isa = PBXFileReference; lastKnownFileType = sourcecode.swift; path = TeamCell.swift; sourceTree = "<group>"; };
		4760E96F2D44F03600E31B60 /* TeamMemberImage.swift */ = {isa = PBXFileReference; lastKnownFileType = sourcecode.swift; path = TeamMemberImage.swift; sourceTree = "<group>"; };
		4760E9762D44F67B00E31B60 /* EditTeamView.swift */ = {isa = PBXFileReference; lastKnownFileType = sourcecode.swift; path = EditTeamView.swift; sourceTree = "<group>"; };
		4760E9772D44F67B00E31B60 /* EditTeamViewModel.swift */ = {isa = PBXFileReference; lastKnownFileType = sourcecode.swift; path = EditTeamViewModel.swift; sourceTree = "<group>"; };
		4760E97E2D44FB5B00E31B60 /* TeamMemberCell.swift */ = {isa = PBXFileReference; lastKnownFileType = sourcecode.swift; path = TeamMemberCell.swift; sourceTree = "<group>"; };
		4760E9832D45039700E31B60 /* AddTeamMemberView.swift */ = {isa = PBXFileReference; lastKnownFileType = sourcecode.swift; path = AddTeamMemberView.swift; sourceTree = "<group>"; };
		4760E9852D45039C00E31B60 /* AddTeamMemberViewModel.swift */ = {isa = PBXFileReference; lastKnownFileType = sourcecode.swift; path = AddTeamMemberViewModel.swift; sourceTree = "<group>"; };
		479CAEBD2D451D8F008E0A28 /* CreateProjectView.swift */ = {isa = PBXFileReference; lastKnownFileType = sourcecode.swift; path = CreateProjectView.swift; sourceTree = "<group>"; };
		479CAEBE2D451D8F008E0A28 /* CreateProjectViewModel.swift */ = {isa = PBXFileReference; lastKnownFileType = sourcecode.swift; path = CreateProjectViewModel.swift; sourceTree = "<group>"; };
		479CAEC22D45275F008E0A28 /* ProjectCell.swift */ = {isa = PBXFileReference; lastKnownFileType = sourcecode.swift; path = ProjectCell.swift; sourceTree = "<group>"; };
		479CAECB2D462C47008E0A28 /* ProjectDetailsView.swift */ = {isa = PBXFileReference; lastKnownFileType = sourcecode.swift; path = ProjectDetailsView.swift; sourceTree = "<group>"; };
		479CAECC2D462C47008E0A28 /* ProjectDetailsViewModel.swift */ = {isa = PBXFileReference; lastKnownFileType = sourcecode.swift; path = ProjectDetailsViewModel.swift; sourceTree = "<group>"; };
		479CAED32D463820008E0A28 /* ProjectInfoPresenter.swift */ = {isa = PBXFileReference; lastKnownFileType = sourcecode.swift; path = ProjectInfoPresenter.swift; sourceTree = "<group>"; };
		479CAED82D4645B4008E0A28 /* CostStatisticsChart.swift */ = {isa = PBXFileReference; lastKnownFileType = sourcecode.swift; path = CostStatisticsChart.swift; sourceTree = "<group>"; };
		479CAEDA2D4647AE008E0A28 /* ChartRow.swift */ = {isa = PBXFileReference; lastKnownFileType = sourcecode.swift; path = ChartRow.swift; sourceTree = "<group>"; };
		479CAEE12D4651E7008E0A28 /* FAQView.swift */ = {isa = PBXFileReference; lastKnownFileType = sourcecode.swift; path = FAQView.swift; sourceTree = "<group>"; };
		479CAEE22D4651E7008E0A28 /* FAQViewModel.swift */ = {isa = PBXFileReference; lastKnownFileType = sourcecode.swift; path = FAQViewModel.swift; sourceTree = "<group>"; };
		479CAEE62D4654D4008E0A28 /* FAQCell.swift */ = {isa = PBXFileReference; lastKnownFileType = sourcecode.swift; path = FAQCell.swift; sourceTree = "<group>"; };
		479CAEED2D46568A008E0A28 /* ProfileView.swift */ = {isa = PBXFileReference; lastKnownFileType = sourcecode.swift; path = ProfileView.swift; sourceTree = "<group>"; };
		479CAEEE2D46568A008E0A28 /* ProfileViewModel.swift */ = {isa = PBXFileReference; lastKnownFileType = sourcecode.swift; path = ProfileViewModel.swift; sourceTree = "<group>"; };
		479CAEF22D465BAB008E0A28 /* ProfileButton.swift */ = {isa = PBXFileReference; lastKnownFileType = sourcecode.swift; path = ProfileButton.swift; sourceTree = "<group>"; };
		47C5475F2D412F840002AEE6 /* Metyrenov.app */ = {isa = PBXFileReference; explicitFileType = wrapper.application; includeInIndex = 0; path = Metyrenov.app; sourceTree = BUILT_PRODUCTS_DIR; };
		47C547782D4130330002AEE6 /* Assets.xcassets */ = {isa = PBXFileReference; lastKnownFileType = folder.assetcatalog; path = Assets.xcassets; sourceTree = "<group>"; };
		47C547792D4130330002AEE6 /* Info.plist */ = {isa = PBXFileReference; lastKnownFileType = text.plist.xml; path = Info.plist; sourceTree = "<group>"; };
		47C5477A2D4130330002AEE6 /* Base */ = {isa = PBXFileReference; lastKnownFileType = file.storyboard; name = Base; path = Base.lproj/LaunchScreen.storyboard; sourceTree = "<group>"; };
		47C547882D4130D70002AEE6 /* AppDelegate.swift */ = {isa = PBXFileReference; lastKnownFileType = sourcecode.swift; path = AppDelegate.swift; sourceTree = "<group>"; };
		47C547892D4130D70002AEE6 /* RootViewController.swift */ = {isa = PBXFileReference; lastKnownFileType = sourcecode.swift; path = RootViewController.swift; sourceTree = "<group>"; };
		47C5478A2D4130D70002AEE6 /* SceneDelegate.swift */ = {isa = PBXFileReference; lastKnownFileType = sourcecode.swift; path = SceneDelegate.swift; sourceTree = "<group>"; };
		47C5478C2D4130D70002AEE6 /* Date+Additions.swift */ = {isa = PBXFileReference; lastKnownFileType = sourcecode.swift; path = "Date+Additions.swift"; sourceTree = "<group>"; };
		47C5478D2D4130D70002AEE6 /* Double+Additions.swift */ = {isa = PBXFileReference; lastKnownFileType = sourcecode.swift; path = "Double+Additions.swift"; sourceTree = "<group>"; };
		47C5478E2D4130D70002AEE6 /* String+Additions.swift */ = {isa = PBXFileReference; lastKnownFileType = sourcecode.swift; path = "String+Additions.swift"; sourceTree = "<group>"; };
		47C5478F2D4130D70002AEE6 /* UINavigationController+Additions.swift */ = {isa = PBXFileReference; lastKnownFileType = sourcecode.swift; path = "UINavigationController+Additions.swift"; sourceTree = "<group>"; };
		47C547902D4130D70002AEE6 /* View+Additions.swift */ = {isa = PBXFileReference; lastKnownFileType = sourcecode.swift; path = "View+Additions.swift"; sourceTree = "<group>"; };
		47C547922D4130D70002AEE6 /* ImagePicker.swift */ = {isa = PBXFileReference; lastKnownFileType = sourcecode.swift; path = ImagePicker.swift; sourceTree = "<group>"; };
		47C547942D4130D70002AEE6 /* ShareSheet.swift */ = {isa = PBXFileReference; lastKnownFileType = sourcecode.swift; path = ShareSheet.swift; sourceTree = "<group>"; };
		47C547962D4130D70002AEE6 /* BackButton.swift */ = {isa = PBXFileReference; lastKnownFileType = sourcecode.swift; path = BackButton.swift; sourceTree = "<group>"; };
		47C547982D4130D70002AEE6 /* CustomProgressView.swift */ = {isa = PBXFileReference; lastKnownFileType = sourcecode.swift; path = CustomProgressView.swift; sourceTree = "<group>"; };
		47C5479A2D4130D70002AEE6 /* CustomTextField.swift */ = {isa = PBXFileReference; lastKnownFileType = sourcecode.swift; path = CustomTextField.swift; sourceTree = "<group>"; };
		47C5479C2D4130D70002AEE6 /* DatePickerView.swift */ = {isa = PBXFileReference; lastKnownFileType = sourcecode.swift; path = DatePickerView.swift; sourceTree = "<group>"; };
		47C5479E2D4130D70002AEE6 /* LinearGradientBackground.swift */ = {isa = PBXFileReference; lastKnownFileType = sourcecode.swift; path = LinearGradientBackground.swift; sourceTree = "<group>"; };
		47C547A02D4130D70002AEE6 /* MenuPicker.swift */ = {isa = PBXFileReference; lastKnownFileType = sourcecode.swift; path = MenuPicker.swift; sourceTree = "<group>"; };
		47C547A22D4130D70002AEE6 /* NavigationBarView.swift */ = {isa = PBXFileReference; lastKnownFileType = sourcecode.swift; path = NavigationBarView.swift; sourceTree = "<group>"; };
		47C547A42D4130D70002AEE6 /* NextButton.swift */ = {isa = PBXFileReference; lastKnownFileType = sourcecode.swift; path = NextButton.swift; sourceTree = "<group>"; };
		47C547A62D4130D70002AEE6 /* SwiftUIViewWebView.swift */ = {isa = PBXFileReference; lastKnownFileType = sourcecode.swift; path = SwiftUIViewWebView.swift; sourceTree = "<group>"; };
		47C547AC2D4130D70002AEE6 /* User.swift */ = {isa = PBXFileReference; lastKnownFileType = sourcecode.swift; path = User.swift; sourceTree = "<group>"; };
		47C547AE2D4130D70002AEE6 /* Colors.xcassets */ = {isa = PBXFileReference; lastKnownFileType = folder.assetcatalog; path = Colors.xcassets; sourceTree = "<group>"; };
		47C547AF2D4130D70002AEE6 /* Colors.generated.swift */ = {isa = PBXFileReference; lastKnownFileType = sourcecode.swift; path = Colors.generated.swift; sourceTree = "<group>"; };
		47C547B12D4130D70002AEE6 /* Fonts.generated.swift */ = {isa = PBXFileReference; lastKnownFileType = sourcecode.swift; path = Fonts.generated.swift; sourceTree = "<group>"; };
		47C547B22D4130D70002AEE6 /* FontsFree-Net-SFProDisplay-Semibold.ttf */ = {isa = PBXFileReference; lastKnownFileType = file; path = "FontsFree-Net-SFProDisplay-Semibold.ttf"; sourceTree = "<group>"; };
		47C547B32D4130D70002AEE6 /* SFPRODISPLAYBLACKITALIC.OTF */ = {isa = PBXFileReference; lastKnownFileType = file; path = SFPRODISPLAYBLACKITALIC.OTF; sourceTree = "<group>"; };
		47C547B42D4130D70002AEE6 /* SFPRODISPLAYBOLD.OTF */ = {isa = PBXFileReference; lastKnownFileType = file; path = SFPRODISPLAYBOLD.OTF; sourceTree = "<group>"; };
		47C547B52D4130D70002AEE6 /* SFPRODISPLAYHEAVYITALIC.OTF */ = {isa = PBXFileReference; lastKnownFileType = file; path = SFPRODISPLAYHEAVYITALIC.OTF; sourceTree = "<group>"; };
		47C547B62D4130D70002AEE6 /* SFPRODISPLAYLIGHTITALIC.OTF */ = {isa = PBXFileReference; lastKnownFileType = file; path = SFPRODISPLAYLIGHTITALIC.OTF; sourceTree = "<group>"; };
		47C547B72D4130D70002AEE6 /* SFPRODISPLAYMEDIUM.OTF */ = {isa = PBXFileReference; lastKnownFileType = file; path = SFPRODISPLAYMEDIUM.OTF; sourceTree = "<group>"; };
		47C547B82D4130D70002AEE6 /* SFPRODISPLAYREGULAR.OTF */ = {isa = PBXFileReference; lastKnownFileType = file; path = SFPRODISPLAYREGULAR.OTF; sourceTree = "<group>"; };
		47C547B92D4130D70002AEE6 /* SFPRODISPLAYSEMIBOLDITALIC.OTF */ = {isa = PBXFileReference; lastKnownFileType = file; path = SFPRODISPLAYSEMIBOLDITALIC.OTF; sourceTree = "<group>"; };
		47C547BA2D4130D70002AEE6 /* SFPRODISPLAYTHINITALIC.OTF */ = {isa = PBXFileReference; lastKnownFileType = file; path = SFPRODISPLAYTHINITALIC.OTF; sourceTree = "<group>"; };
		47C547BB2D4130D70002AEE6 /* SFPRODISPLAYULTRALIGHTITALIC.OTF */ = {isa = PBXFileReference; lastKnownFileType = file; path = SFPRODISPLAYULTRALIGHTITALIC.OTF; sourceTree = "<group>"; };
		47C547BD2D4130D70002AEE6 /* Images.xcassets */ = {isa = PBXFileReference; lastKnownFileType = folder.assetcatalog; path = Images.xcassets; sourceTree = "<group>"; };
		47C547BE2D4130D70002AEE6 /* Images.generated.swift */ = {isa = PBXFileReference; lastKnownFileType = sourcecode.swift; path = Images.generated.swift; sourceTree = "<group>"; };
		47C547C12D4130D70002AEE6 /* DefaultsService.swift */ = {isa = PBXFileReference; lastKnownFileType = sourcecode.swift; path = DefaultsService.swift; sourceTree = "<group>"; };
		47C547C32D4130D70002AEE6 /* FileManager+Image.swift */ = {isa = PBXFileReference; lastKnownFileType = sourcecode.swift; path = "FileManager+Image.swift"; sourceTree = "<group>"; };
		47C547C42D4130D70002AEE6 /* FileManagerService.swift */ = {isa = PBXFileReference; lastKnownFileType = sourcecode.swift; path = FileManagerService.swift; sourceTree = "<group>"; };
		47C547F62D4130D70002AEE6 /* TabBar.swift */ = {isa = PBXFileReference; lastKnownFileType = sourcecode.swift; path = TabBar.swift; sourceTree = "<group>"; };
		47C547F72D4130D70002AEE6 /* TabBarCustomView.swift */ = {isa = PBXFileReference; lastKnownFileType = sourcecode.swift; path = TabBarCustomView.swift; sourceTree = "<group>"; };
		47C547F82D4130D70002AEE6 /* TabBarViewModel.swift */ = {isa = PBXFileReference; lastKnownFileType = sourcecode.swift; path = TabBarViewModel.swift; sourceTree = "<group>"; };
		47C548062D4130D70002AEE6 /* RootContentView.swift */ = {isa = PBXFileReference; lastKnownFileType = sourcecode.swift; path = RootContentView.swift; sourceTree = "<group>"; };
		47C548072D4130D70002AEE6 /* RootContentViewModel.swift */ = {isa = PBXFileReference; lastKnownFileType = sourcecode.swift; path = RootContentViewModel.swift; sourceTree = "<group>"; };
		47C5485E2D416EDB0002AEE6 /* CircularProgressBar.swift */ = {isa = PBXFileReference; lastKnownFileType = sourcecode.swift; path = CircularProgressBar.swift; sourceTree = "<group>"; };
		47C548602D417C330002AEE6 /* swiftgen.yml */ = {isa = PBXFileReference; lastKnownFileType = text.yaml; path = swiftgen.yml; sourceTree = "<group>"; };
/* End PBXFileReference section */

/* Begin PBXFrameworksBuildPhase section */
		47C5475C2D412F840002AEE6 /* Frameworks */ = {
			isa = PBXFrameworksBuildPhase;
			buildActionMask = 2147483647;
			files = (
			);
			runOnlyForDeploymentPostprocessing = 0;
		};
/* End PBXFrameworksBuildPhase section */

/* Begin PBXGroup section */
		4760E90B2D43CA0100E31B60 /* Home */ = {
			isa = PBXGroup;
			children = (
				479CAED72D464585008E0A28 /* Views */,
				4760E90D2D43CA0C00E31B60 /* HomeView.swift */,
				4760E90F2D43CA1300E31B60 /* HomeViewModel.swift */,
			);
			path = Home;
			sourceTree = "<group>";
		};
		4760E90C2D43CA0100E31B60 /* Units */ = {
			isa = PBXGroup;
			children = (
				4760E90B2D43CA0100E31B60 /* Home */,
				4760E9222D43D16200E31B60 /* ProjectFlow */,
				4760E9342D43DF4500E31B60 /* TeamFlow */,
				479CAEE32D4651E7008E0A28 /* FAQ */,
				479CAEEF2D46568A008E0A28 /* Profile */,
			);
			path = Units;
			sourceTree = "<group>";
		};
		4760E9152D43CDC000E31B60 /* BackgroundView */ = {
			isa = PBXGroup;
			children = (
				4760E9142D43CDC000E31B60 /* BackgroundView.swift */,
			);
			path = BackgroundView;
			sourceTree = "<group>";
		};
		4760E9212D43D16200E31B60 /* Projects */ = {
			isa = PBXGroup;
			children = (
				4760E9282D43D35000E31B60 /* Views */,
				4760E91F2D43D16200E31B60 /* ProjectsView.swift */,
				4760E9202D43D16200E31B60 /* ProjectsViewModel.swift */,
			);
			path = Projects;
			sourceTree = "<group>";
		};
		4760E9222D43D16200E31B60 /* ProjectFlow */ = {
			isa = PBXGroup;
			children = (
				4760E9212D43D16200E31B60 /* Projects */,
				479CAEBF2D451D8F008E0A28 /* CreateProject */,
				479CAECD2D462C47008E0A28 /* ProjectDetails */,
			);
			path = ProjectFlow;
			sourceTree = "<group>";
		};
		4760E9282D43D35000E31B60 /* Views */ = {
			isa = PBXGroup;
			children = (
				4760E92F2D43D70400E31B60 /* ProjectFilterCheckBox.swift */,
				4760E92D2D43D6AF00E31B60 /* ProjectFilterView.swift */,
				479CAEC22D45275F008E0A28 /* ProjectCell.swift */,
			);
			path = Views;
			sourceTree = "<group>";
		};
		4760E9332D43DF4500E31B60 /* Teams */ = {
			isa = PBXGroup;
			children = (
				4760E9652D43E34600E31B60 /* Views */,
				4760E9352D43DF4E00E31B60 /* TeamsView.swift */,
				4760E9372D43DF5600E31B60 /* TeamsViewModel.swift */,
			);
			path = Teams;
			sourceTree = "<group>";
		};
		4760E9342D43DF4500E31B60 /* TeamFlow */ = {
			isa = PBXGroup;
			children = (
				4760E9332D43DF4500E31B60 /* Teams */,
				4760E9682D44E8DD00E31B60 /* CreateTeam */,
				4760E9782D44F67B00E31B60 /* EditTeam */,
				4760E9822D45038C00E31B60 /* AddTeamMember */,
			);
			path = TeamFlow;
			sourceTree = "<group>";
		};
		4760E94F2D43E0FD00E31B60 /* OnboardingView */ = {
			isa = PBXGroup;
			children = (
				4760E94D2D43E0FD00E31B60 /* OnboardingView.swift */,
				4760E94E2D43E0FD00E31B60 /* OnboardingViewModel.swift */,
			);
			path = OnboardingView;
			sourceTree = "<group>";
		};
		4760E9512D43E0FD00E31B60 /* OnboardingViewTabView */ = {
			isa = PBXGroup;
			children = (
				4760E9502D43E0FD00E31B60 /* OnboardingViewTabView.swift */,
			);
			path = OnboardingViewTabView;
			sourceTree = "<group>";
		};
		4760E9522D43E0FD00E31B60 /* Onboarding */ = {
			isa = PBXGroup;
			children = (
				4760E94F2D43E0FD00E31B60 /* OnboardingView */,
				4760E9512D43E0FD00E31B60 /* OnboardingViewTabView */,
			);
			path = Onboarding;
			sourceTree = "<group>";
		};
		4760E9542D43E0FD00E31B60 /* Preloader */ = {
			isa = PBXGroup;
			children = (
				4760E9532D43E0FD00E31B60 /* PreloaderView.swift */,
			);
			path = Preloader;
			sourceTree = "<group>";
		};
		4760E9582D43E0FD00E31B60 /* Registration */ = {
			isa = PBXGroup;
			children = (
				4760E9552D43E0FD00E31B60 /* RegistrationView.swift */,
				4760E9562D43E0FD00E31B60 /* RegistrationViewModel.swift */,
				4760E9572D43E0FD00E31B60 /* UserTypeButton.swift */,
			);
			path = Registration;
			sourceTree = "<group>";
		};
		4760E9592D43E0FD00E31B60 /* Auth */ = {
			isa = PBXGroup;
			children = (
				4760E9522D43E0FD00E31B60 /* Onboarding */,
				4760E9542D43E0FD00E31B60 /* Preloader */,
				4760E9582D43E0FD00E31B60 /* Registration */,
			);
			path = Auth;
			sourceTree = "<group>";
		};
		4760E9652D43E34600E31B60 /* Views */ = {
			isa = PBXGroup;
			children = (
				4760E9642D43E34600E31B60 /* SearchView.swift */,
				4760E96D2D44EF5600E31B60 /* TeamCell.swift */,
				4760E96F2D44F03600E31B60 /* TeamMemberImage.swift */,
			);
			path = Views;
			sourceTree = "<group>";
		};
		4760E9682D44E8DD00E31B60 /* CreateTeam */ = {
			isa = PBXGroup;
			children = (
				4760E9692D44E8EB00E31B60 /* CreateTeamView.swift */,
				4760E96B2D44E8F000E31B60 /* CreateTeamViewModel.swift */,
			);
			path = CreateTeam;
			sourceTree = "<group>";
		};
		4760E9782D44F67B00E31B60 /* EditTeam */ = {
			isa = PBXGroup;
			children = (
				4760E97F2D44FB5B00E31B60 /* Views */,
				4760E9762D44F67B00E31B60 /* EditTeamView.swift */,
				4760E9772D44F67B00E31B60 /* EditTeamViewModel.swift */,
			);
			path = EditTeam;
			sourceTree = "<group>";
		};
		4760E97F2D44FB5B00E31B60 /* Views */ = {
			isa = PBXGroup;
			children = (
				4760E97E2D44FB5B00E31B60 /* TeamMemberCell.swift */,
			);
			path = Views;
			sourceTree = "<group>";
		};
		4760E9822D45038C00E31B60 /* AddTeamMember */ = {
			isa = PBXGroup;
			children = (
				4760E9832D45039700E31B60 /* AddTeamMemberView.swift */,
				4760E9852D45039C00E31B60 /* AddTeamMemberViewModel.swift */,
			);
			path = AddTeamMember;
			sourceTree = "<group>";
		};
		479CAEBF2D451D8F008E0A28 /* CreateProject */ = {
			isa = PBXGroup;
			children = (
				479CAEBD2D451D8F008E0A28 /* CreateProjectView.swift */,
				479CAEBE2D451D8F008E0A28 /* CreateProjectViewModel.swift */,
			);
			path = CreateProject;
			sourceTree = "<group>";
		};
		479CAECD2D462C47008E0A28 /* ProjectDetails */ = {
			isa = PBXGroup;
			children = (
				479CAED42D463820008E0A28 /* Views */,
				479CAECB2D462C47008E0A28 /* ProjectDetailsView.swift */,
				479CAECC2D462C47008E0A28 /* ProjectDetailsViewModel.swift */,
			);
			path = ProjectDetails;
			sourceTree = "<group>";
		};
		479CAED42D463820008E0A28 /* Views */ = {
			isa = PBXGroup;
			children = (
				479CAED32D463820008E0A28 /* ProjectInfoPresenter.swift */,
			);
			path = Views;
			sourceTree = "<group>";
		};
		479CAED72D464585008E0A28 /* Views */ = {
			isa = PBXGroup;
			children = (
				479CAED82D4645B4008E0A28 /* CostStatisticsChart.swift */,
				479CAEDA2D4647AE008E0A28 /* ChartRow.swift */,
			);
			path = Views;
			sourceTree = "<group>";
		};
		479CAEE32D4651E7008E0A28 /* FAQ */ = {
			isa = PBXGroup;
			children = (
				479CAEE62D4654D4008E0A28 /* FAQCell.swift */,
				479CAEE12D4651E7008E0A28 /* FAQView.swift */,
				479CAEE22D4651E7008E0A28 /* FAQViewModel.swift */,
			);
			path = FAQ;
			sourceTree = "<group>";
		};
		479CAEEF2D46568A008E0A28 /* Profile */ = {
			isa = PBXGroup;
			children = (
				479CAEF32D465BAB008E0A28 /* Views */,
				479CAEED2D46568A008E0A28 /* ProfileView.swift */,
				479CAEEE2D46568A008E0A28 /* ProfileViewModel.swift */,
			);
			path = Profile;
			sourceTree = "<group>";
		};
		479CAEF32D465BAB008E0A28 /* Views */ = {
			isa = PBXGroup;
			children = (
				479CAEF22D465BAB008E0A28 /* ProfileButton.swift */,
			);
			path = Views;
			sourceTree = "<group>";
		};
		47C547562D412F840002AEE6 = {
			isa = PBXGroup;
			children = (
				47C548602D417C330002AEE6 /* swiftgen.yml */,
				47C547802D4130330002AEE6 /* Metyrenov */,
				47C547602D412F840002AEE6 /* Products */,
			);
			sourceTree = "<group>";
		};
		47C547602D412F840002AEE6 /* Products */ = {
			isa = PBXGroup;
			children = (
				47C5475F2D412F840002AEE6 /* Metyrenov.app */,
			);
			name = Products;
			sourceTree = "<group>";
		};
		47C547802D4130330002AEE6 /* Metyrenov */ = {
			isa = PBXGroup;
			children = (
				47C5478B2D4130D70002AEE6 /* App */,
				47C547912D4130D70002AEE6 /* Extensions */,
				47C547A92D4130D70002AEE6 /* Helpers */,
				47C547AD2D4130D70002AEE6 /* Models */,
				47C547C02D4130D70002AEE6 /* Resources */,
				47C547C62D4130D70002AEE6 /* Services */,
				47C548092D4130D70002AEE6 /* Units */,
				47C547782D4130330002AEE6 /* Assets.xcassets */,
				47C547792D4130330002AEE6 /* Info.plist */,
				47C5477B2D4130330002AEE6 /* LaunchScreen.storyboard */,
			);
			path = Metyrenov;
			sourceTree = "<group>";
		};
		47C5478B2D4130D70002AEE6 /* App */ = {
			isa = PBXGroup;
			children = (
				47C547882D4130D70002AEE6 /* AppDelegate.swift */,
				47C547892D4130D70002AEE6 /* RootViewController.swift */,
				47C5478A2D4130D70002AEE6 /* SceneDelegate.swift */,
			);
			path = App;
			sourceTree = "<group>";
		};
		47C547912D4130D70002AEE6 /* Extensions */ = {
			isa = PBXGroup;
			children = (
				47C5478C2D4130D70002AEE6 /* Date+Additions.swift */,
				47C5478D2D4130D70002AEE6 /* Double+Additions.swift */,
				47C5478E2D4130D70002AEE6 /* String+Additions.swift */,
				47C5478F2D4130D70002AEE6 /* UINavigationController+Additions.swift */,
				47C547902D4130D70002AEE6 /* View+Additions.swift */,
			);
			path = Extensions;
			sourceTree = "<group>";
		};
		47C547932D4130D70002AEE6 /* ImagePicker */ = {
			isa = PBXGroup;
			children = (
				47C547922D4130D70002AEE6 /* ImagePicker.swift */,
			);
			path = ImagePicker;
			sourceTree = "<group>";
		};
		47C547952D4130D70002AEE6 /* ShareSheet */ = {
			isa = PBXGroup;
			children = (
				47C547942D4130D70002AEE6 /* ShareSheet.swift */,
			);
			path = ShareSheet;
			sourceTree = "<group>";
		};
		47C547972D4130D70002AEE6 /* BackButton */ = {
			isa = PBXGroup;
			children = (
				47C547962D4130D70002AEE6 /* BackButton.swift */,
			);
			path = BackButton;
			sourceTree = "<group>";
		};
		47C547992D4130D70002AEE6 /* CustomProgressView */ = {
			isa = PBXGroup;
			children = (
				47C547982D4130D70002AEE6 /* CustomProgressView.swift */,
			);
			path = CustomProgressView;
			sourceTree = "<group>";
		};
		47C5479B2D4130D70002AEE6 /* CustomTextField */ = {
			isa = PBXGroup;
			children = (
				47C5479A2D4130D70002AEE6 /* CustomTextField.swift */,
			);
			path = CustomTextField;
			sourceTree = "<group>";
		};
		47C5479D2D4130D70002AEE6 /* DatePicker */ = {
			isa = PBXGroup;
			children = (
				47C5479C2D4130D70002AEE6 /* DatePickerView.swift */,
			);
			path = DatePicker;
			sourceTree = "<group>";
		};
		47C5479F2D4130D70002AEE6 /* LinearGradientBackground */ = {
			isa = PBXGroup;
			children = (
				47C5479E2D4130D70002AEE6 /* LinearGradientBackground.swift */,
			);
			path = LinearGradientBackground;
			sourceTree = "<group>";
		};
		47C547A12D4130D70002AEE6 /* MenuPicker */ = {
			isa = PBXGroup;
			children = (
				47C547A02D4130D70002AEE6 /* MenuPicker.swift */,
			);
			path = MenuPicker;
			sourceTree = "<group>";
		};
		47C547A32D4130D70002AEE6 /* NavBar */ = {
			isa = PBXGroup;
			children = (
				47C547A22D4130D70002AEE6 /* NavigationBarView.swift */,
			);
			path = NavBar;
			sourceTree = "<group>";
		};
		47C547A52D4130D70002AEE6 /* NextButton */ = {
			isa = PBXGroup;
			children = (
				47C547A42D4130D70002AEE6 /* NextButton.swift */,
			);
			path = NextButton;
			sourceTree = "<group>";
		};
		47C547A72D4130D70002AEE6 /* WebView */ = {
			isa = PBXGroup;
			children = (
				47C547A62D4130D70002AEE6 /* SwiftUIViewWebView.swift */,
			);
			path = WebView;
			sourceTree = "<group>";
		};
		47C547A82D4130D70002AEE6 /* Views */ = {
			isa = PBXGroup;
			children = (
				4760E9152D43CDC000E31B60 /* BackgroundView */,
				47C5485D2D416ED00002AEE6 /* CircularProgressBar */,
				47C547972D4130D70002AEE6 /* BackButton */,
				47C547992D4130D70002AEE6 /* CustomProgressView */,
				47C5479B2D4130D70002AEE6 /* CustomTextField */,
				47C5479D2D4130D70002AEE6 /* DatePicker */,
				47C5479F2D4130D70002AEE6 /* LinearGradientBackground */,
				47C547A12D4130D70002AEE6 /* MenuPicker */,
				47C547A32D4130D70002AEE6 /* NavBar */,
				47C547A52D4130D70002AEE6 /* NextButton */,
				47C547A72D4130D70002AEE6 /* WebView */,
			);
			path = Views;
			sourceTree = "<group>";
		};
		47C547A92D4130D70002AEE6 /* Helpers */ = {
			isa = PBXGroup;
			children = (
				47C547932D4130D70002AEE6 /* ImagePicker */,
				47C547952D4130D70002AEE6 /* ShareSheet */,
				47C547A82D4130D70002AEE6 /* Views */,
			);
			path = Helpers;
			sourceTree = "<group>";
		};
		47C547AD2D4130D70002AEE6 /* Models */ = {
			isa = PBXGroup;
			children = (
				47C547AC2D4130D70002AEE6 /* User.swift */,
				4760E9262D43D2B600E31B60 /* Project.swift */,
				4760E9292D43D44E00E31B60 /* TeamMember.swift */,
				4760E92B2D43D57B00E31B60 /* Team.swift */,
			);
			path = Models;
			sourceTree = "<group>";
		};
		47C547B02D4130D70002AEE6 /* Colors */ = {
			isa = PBXGroup;
			children = (
				47C547AE2D4130D70002AEE6 /* Colors.xcassets */,
				47C547AF2D4130D70002AEE6 /* Colors.generated.swift */,
			);
			path = Colors;
			sourceTree = "<group>";
		};
		47C547BC2D4130D70002AEE6 /* Fonts */ = {
			isa = PBXGroup;
			children = (
				47C547B12D4130D70002AEE6 /* Fonts.generated.swift */,
				47C547B22D4130D70002AEE6 /* FontsFree-Net-SFProDisplay-Semibold.ttf */,
				47C547B32D4130D70002AEE6 /* SFPRODISPLAYBLACKITALIC.OTF */,
				47C547B42D4130D70002AEE6 /* SFPRODISPLAYBOLD.OTF */,
				47C547B52D4130D70002AEE6 /* SFPRODISPLAYHEAVYITALIC.OTF */,
				47C547B62D4130D70002AEE6 /* SFPRODISPLAYLIGHTITALIC.OTF */,
				47C547B72D4130D70002AEE6 /* SFPRODISPLAYMEDIUM.OTF */,
				47C547B82D4130D70002AEE6 /* SFPRODISPLAYREGULAR.OTF */,
				47C547B92D4130D70002AEE6 /* SFPRODISPLAYSEMIBOLDITALIC.OTF */,
				47C547BA2D4130D70002AEE6 /* SFPRODISPLAYTHINITALIC.OTF */,
				47C547BB2D4130D70002AEE6 /* SFPRODISPLAYULTRALIGHTITALIC.OTF */,
			);
			path = Fonts;
			sourceTree = "<group>";
		};
		47C547BF2D4130D70002AEE6 /* Images */ = {
			isa = PBXGroup;
			children = (
				47C547BD2D4130D70002AEE6 /* Images.xcassets */,
				47C547BE2D4130D70002AEE6 /* Images.generated.swift */,
			);
			path = Images;
			sourceTree = "<group>";
		};
		47C547C02D4130D70002AEE6 /* Resources */ = {
			isa = PBXGroup;
			children = (
				47C547B02D4130D70002AEE6 /* Colors */,
				47C547BC2D4130D70002AEE6 /* Fonts */,
				47C547BF2D4130D70002AEE6 /* Images */,
			);
			path = Resources;
			sourceTree = "<group>";
		};
		47C547C22D4130D70002AEE6 /* Defaults */ = {
			isa = PBXGroup;
			children = (
				47C547C12D4130D70002AEE6 /* DefaultsService.swift */,
			);
			path = Defaults;
			sourceTree = "<group>";
		};
		47C547C52D4130D70002AEE6 /* FileManager */ = {
			isa = PBXGroup;
			children = (
				47C547C32D4130D70002AEE6 /* FileManager+Image.swift */,
				47C547C42D4130D70002AEE6 /* FileManagerService.swift */,
			);
			path = FileManager;
			sourceTree = "<group>";
		};
		47C547C62D4130D70002AEE6 /* Services */ = {
			isa = PBXGroup;
			children = (
				47C547C22D4130D70002AEE6 /* Defaults */,
				47C547C52D4130D70002AEE6 /* FileManager */,
			);
			path = Services;
			sourceTree = "<group>";
		};
		47C547F92D4130D70002AEE6 /* TabBar */ = {
			isa = PBXGroup;
			children = (
				47C547F72D4130D70002AEE6 /* TabBarCustomView.swift */,
				47C547F62D4130D70002AEE6 /* TabBar.swift */,
				47C547F82D4130D70002AEE6 /* TabBarViewModel.swift */,
			);
			path = TabBar;
			sourceTree = "<group>";
		};
		47C547FA2D4130D70002AEE6 /* Main */ = {
			isa = PBXGroup;
			children = (
				47C547F92D4130D70002AEE6 /* TabBar */,
				4760E90C2D43CA0100E31B60 /* Units */,
			);
			path = Main;
			sourceTree = "<group>";
		};
		47C548082D4130D70002AEE6 /* RootContent */ = {
			isa = PBXGroup;
			children = (
				47C548062D4130D70002AEE6 /* RootContentView.swift */,
				47C548072D4130D70002AEE6 /* RootContentViewModel.swift */,
			);
			path = RootContent;
			sourceTree = "<group>";
		};
		47C548092D4130D70002AEE6 /* Units */ = {
			isa = PBXGroup;
			children = (
				47C548082D4130D70002AEE6 /* RootContent */,
				4760E9592D43E0FD00E31B60 /* Auth */,
				47C547FA2D4130D70002AEE6 /* Main */,
			);
			path = Units;
			sourceTree = "<group>";
		};
		47C5485D2D416ED00002AEE6 /* CircularProgressBar */ = {
			isa = PBXGroup;
			children = (
				47C5485E2D416EDB0002AEE6 /* CircularProgressBar.swift */,
			);
			path = CircularProgressBar;
			sourceTree = "<group>";
		};
/* End PBXGroup section */

/* Begin PBXNativeTarget section */
		47C5475E2D412F840002AEE6 /* Metyrenov */ = {
			isa = PBXNativeTarget;
			buildConfigurationList = 47C547722D412F850002AEE6 /* Build configuration list for PBXNativeTarget "Metyrenov" */;
			buildPhases = (
				47C5475B2D412F840002AEE6 /* Sources */,
				47C5475C2D412F840002AEE6 /* Frameworks */,
				47C5475D2D412F840002AEE6 /* Resources */,
				47C548622D417C5A0002AEE6 /* SwiftGen */,
			);
			buildRules = (
			);
			dependencies = (
			);
			name = Metyrenov;
			packageProductDependencies = (
			);
			productName = Metyrenov;
			productReference = 47C5475F2D412F840002AEE6 /* Metyrenov.app */;
			productType = "com.apple.product-type.application";
		};
/* End PBXNativeTarget section */

/* Begin PBXProject section */
		47C547572D412F840002AEE6 /* Project object */ = {
			isa = PBXProject;
			attributes = {
				BuildIndependentTargetsInParallel = 1;
				LastSwiftUpdateCheck = 1620;
				LastUpgradeCheck = 1620;
				TargetAttributes = {
					47C5475E2D412F840002AEE6 = {
						CreatedOnToolsVersion = 16.2;
					};
				};
			};
			buildConfigurationList = 47C5475A2D412F840002AEE6 /* Build configuration list for PBXProject "Metyrenov" */;
			compatibilityVersion = "Xcode 14.0";
			developmentRegion = en;
			hasScannedForEncodings = 0;
			knownRegions = (
				en,
				Base,
			);
			mainGroup = 47C547562D412F840002AEE6;
			minimizedProjectReferenceProxies = 1;
			productRefGroup = 47C547602D412F840002AEE6 /* Products */;
			projectDirPath = "";
			projectRoot = "";
			targets = (
				47C5475E2D412F840002AEE6 /* Metyrenov */,
			);
		};
/* End PBXProject section */

/* Begin PBXResourcesBuildPhase section */
		47C5475D2D412F840002AEE6 /* Resources */ = {
			isa = PBXResourcesBuildPhase;
			buildActionMask = 2147483647;
			files = (
				47C547842D4130330002AEE6 /* Assets.xcassets in Resources */,
				47C547862D4130330002AEE6 /* LaunchScreen.storyboard in Resources */,
				47C548502D4130D70002AEE6 /* SFPRODISPLAYREGULAR.OTF in Resources */,
				47C548512D4130D70002AEE6 /* SFPRODISPLAYLIGHTITALIC.OTF in Resources */,
				47C548522D4130D70002AEE6 /* FontsFree-Net-SFProDisplay-Semibold.ttf in Resources */,
				47C548532D4130D70002AEE6 /* SFPRODISPLAYTHINITALIC.OTF in Resources */,
				47C548542D4130D70002AEE6 /* SFPRODISPLAYBLACKITALIC.OTF in Resources */,
				47C548552D4130D70002AEE6 /* SFPRODISPLAYSEMIBOLDITALIC.OTF in Resources */,
				47C548562D4130D70002AEE6 /* Images.xcassets in Resources */,
				47C548572D4130D70002AEE6 /* Colors.xcassets in Resources */,
				47C548582D4130D70002AEE6 /* SFPRODISPLAYULTRALIGHTITALIC.OTF in Resources */,
				47C548612D417C330002AEE6 /* swiftgen.yml in Resources */,
				47C548592D4130D70002AEE6 /* SFPRODISPLAYMEDIUM.OTF in Resources */,
				47C5485A2D4130D70002AEE6 /* SFPRODISPLAYHEAVYITALIC.OTF in Resources */,
				47C5485B2D4130D70002AEE6 /* SFPRODISPLAYBOLD.OTF in Resources */,
			);
			runOnlyForDeploymentPostprocessing = 0;
		};
/* End PBXResourcesBuildPhase section */

/* Begin PBXShellScriptBuildPhase section */
		47C548622D417C5A0002AEE6 /* SwiftGen */ = {
			isa = PBXShellScriptBuildPhase;
			alwaysOutOfDate = 1;
			buildActionMask = 2147483647;
			files = (
			);
			inputFileListPaths = (
			);
			inputPaths = (
			);
			name = SwiftGen;
			outputFileListPaths = (
			);
			outputPaths = (
			);
			runOnlyForDeploymentPostprocessing = 0;
			shellPath = /bin/sh;
			shellScript = "if which swiftgen >/dev/null; then\n  swiftgen config run --config ${PROJECT_DIR}/swiftgen.yml\nelse\n  echo \"warning: SwiftGen not installed, download it from https://github.com/SwiftGen/SwiftGen\"\nfi\n\n";
		};
/* End PBXShellScriptBuildPhase section */

/* Begin PBXSourcesBuildPhase section */
		47C5475B2D412F840002AEE6 /* Sources */ = {
			isa = PBXSourcesBuildPhase;
			buildActionMask = 2147483647;
			files = (
				4760E92A2D43D44E00E31B60 /* TeamMember.swift in Sources */,
				4760E96A2D44E8EB00E31B60 /* CreateTeamView.swift in Sources */,
				47C5480A2D4130D70002AEE6 /* NextButton.swift in Sources */,
				479CAEC32D45275F008E0A28 /* ProjectCell.swift in Sources */,
				47C5480C2D4130D70002AEE6 /* RootContentViewModel.swift in Sources */,
				4760E9802D44FB5B00E31B60 /* TeamMemberCell.swift in Sources */,
				47C5480D2D4130D70002AEE6 /* MenuPicker.swift in Sources */,
				4760E9102D43CA1300E31B60 /* HomeViewModel.swift in Sources */,
				4760E92E2D43D6AF00E31B60 /* ProjectFilterView.swift in Sources */,
				4760E9382D43DF5600E31B60 /* TeamsViewModel.swift in Sources */,
				47C548112D4130D70002AEE6 /* DefaultsService.swift in Sources */,
				4760E9662D43E34600E31B60 /* SearchView.swift in Sources */,
				4760E9702D44F03600E31B60 /* TeamMemberImage.swift in Sources */,
				47C548122D4130D70002AEE6 /* RootContentView.swift in Sources */,
				479CAEDB2D4647AE008E0A28 /* ChartRow.swift in Sources */,
				4760E92C2D43D57B00E31B60 /* Team.swift in Sources */,
				479CAEE42D4651E7008E0A28 /* FAQView.swift in Sources */,
				479CAEE52D4651E7008E0A28 /* FAQViewModel.swift in Sources */,
				47C548162D4130D70002AEE6 /* ImagePicker.swift in Sources */,
				47C548172D4130D70002AEE6 /* ShareSheet.swift in Sources */,
				479CAED52D463820008E0A28 /* ProjectInfoPresenter.swift in Sources */,
				479CAEC02D451D8F008E0A28 /* CreateProjectView.swift in Sources */,
				479CAEC12D451D8F008E0A28 /* CreateProjectViewModel.swift in Sources */,
				4760E9162D43CDC000E31B60 /* BackgroundView.swift in Sources */,
				47C5481D2D4130D70002AEE6 /* Date+Additions.swift in Sources */,
				479CAEF02D46568A008E0A28 /* ProfileView.swift in Sources */,
				479CAEF12D46568A008E0A28 /* ProfileViewModel.swift in Sources */,
				47C5481F2D4130D70002AEE6 /* CustomTextField.swift in Sources */,
				47C548212D4130D70002AEE6 /* Double+Additions.swift in Sources */,
				479CAECE2D462C47008E0A28 /* ProjectDetailsView.swift in Sources */,
				479CAECF2D462C47008E0A28 /* ProjectDetailsViewModel.swift in Sources */,
				47C548222D4130D70002AEE6 /* TabBarCustomView.swift in Sources */,
				4760E9842D45039700E31B60 /* AddTeamMemberView.swift in Sources */,
				4760E90E2D43CA0C00E31B60 /* HomeView.swift in Sources */,
				4760E9302D43D70400E31B60 /* ProjectFilterCheckBox.swift in Sources */,
				47C548242D4130D70002AEE6 /* NavigationBarView.swift in Sources */,
				4760E9362D43DF4E00E31B60 /* TeamsView.swift in Sources */,
				47C5482B2D4130D70002AEE6 /* LinearGradientBackground.swift in Sources */,
				47C5482C2D4130D70002AEE6 /* UINavigationController+Additions.swift in Sources */,
				47C5482E2D4130D70002AEE6 /* View+Additions.swift in Sources */,
				47C5482F2D4130D70002AEE6 /* Fonts.generated.swift in Sources */,
				47C548312D4130D70002AEE6 /* BackButton.swift in Sources */,
				47C548322D4130D70002AEE6 /* TabBarViewModel.swift in Sources */,
				47C548352D4130D70002AEE6 /* String+Additions.swift in Sources */,
				47C548362D4130D70002AEE6 /* User.swift in Sources */,
				47C548382D4130D70002AEE6 /* SwiftUIViewWebView.swift in Sources */,
				47C548392D4130D70002AEE6 /* FileManagerService.swift in Sources */,
				47C5483A2D4130D70002AEE6 /* FileManager+Image.swift in Sources */,
				47C5483C2D4130D70002AEE6 /* Images.generated.swift in Sources */,
				4760E95A2D43E0FD00E31B60 /* OnboardingView.swift in Sources */,
				4760E95B2D43E0FD00E31B60 /* OnboardingViewModel.swift in Sources */,
				4760E96E2D44EF5600E31B60 /* TeamCell.swift in Sources */,
				4760E95C2D43E0FD00E31B60 /* OnboardingViewTabView.swift in Sources */,
				4760E95D2D43E0FD00E31B60 /* PreloaderView.swift in Sources */,
				4760E95E2D43E0FD00E31B60 /* RegistrationView.swift in Sources */,
				4760E95F2D43E0FD00E31B60 /* RegistrationViewModel.swift in Sources */,
				4760E9602D43E0FD00E31B60 /* UserTypeButton.swift in Sources */,
				47C5483D2D4130D70002AEE6 /* DatePickerView.swift in Sources */,
				47C5485F2D416EDB0002AEE6 /* CircularProgressBar.swift in Sources */,
				47C548432D4130D70002AEE6 /* Colors.generated.swift in Sources */,
				47C548472D4130D70002AEE6 /* TabBar.swift in Sources */,
				47C548482D4130D70002AEE6 /* RootViewController.swift in Sources */,
				47C548492D4130D70002AEE6 /* AppDelegate.swift in Sources */,
				479CAED92D4645B4008E0A28 /* CostStatisticsChart.swift in Sources */,
				4760E9232D43D16200E31B60 /* ProjectsView.swift in Sources */,
				4760E96C2D44E8F000E31B60 /* CreateTeamViewModel.swift in Sources */,
				479CAEE72D4654D4008E0A28 /* FAQCell.swift in Sources */,
				4760E9272D43D2B600E31B60 /* Project.swift in Sources */,
				4760E9242D43D16200E31B60 /* ProjectsViewModel.swift in Sources */,
				47C5484C2D4130D70002AEE6 /* SceneDelegate.swift in Sources */,
				47C5484F2D4130D70002AEE6 /* CustomProgressView.swift in Sources */,
				4760E9792D44F67B00E31B60 /* EditTeamView.swift in Sources */,
				479CAEF42D465BAB008E0A28 /* ProfileButton.swift in Sources */,
				4760E9862D45039C00E31B60 /* AddTeamMemberViewModel.swift in Sources */,
				4760E97A2D44F67B00E31B60 /* EditTeamViewModel.swift in Sources */,
			);
			runOnlyForDeploymentPostprocessing = 0;
		};
/* End PBXSourcesBuildPhase section */

/* Begin PBXVariantGroup section */
		47C5477B2D4130330002AEE6 /* LaunchScreen.storyboard */ = {
			isa = PBXVariantGroup;
			children = (
				47C5477A2D4130330002AEE6 /* Base */,
			);
			name = LaunchScreen.storyboard;
			sourceTree = "<group>";
		};
/* End PBXVariantGroup section */

/* Begin XCBuildConfiguration section */
		47C547732D412F850002AEE6 /* Debug */ = {
			isa = XCBuildConfiguration;
			buildSettings = {
				ASSETCATALOG_COMPILER_APPICON_NAME = AppIcon;
				ASSETCATALOG_COMPILER_GLOBAL_ACCENT_COLOR_NAME = AccentColor;
				CODE_SIGN_STYLE = Automatic;
				CURRENT_PROJECT_VERSION = 1;
				GENERATE_INFOPLIST_FILE = YES;
				INFOPLIST_FILE = Metyrenov/Info.plist;
				INFOPLIST_KEY_CFBundleDisplayName = Metyrenov;
				INFOPLIST_KEY_UIApplicationSupportsIndirectInputEvents = YES;
				INFOPLIST_KEY_UILaunchStoryboardName = LaunchScreen;
				INFOPLIST_KEY_UISupportedInterfaceOrientations = UIInterfaceOrientationPortrait;
				INFOPLIST_KEY_UISupportedInterfaceOrientations_iPad = "UIInterfaceOrientationLandscapeLeft UIInterfaceOrientationLandscapeRight UIInterfaceOrientationPortrait UIInterfaceOrientationPortraitUpsideDown";
				IPHONEOS_DEPLOYMENT_TARGET = 16;
				LD_RUNPATH_SEARCH_PATHS = (
					"$(inherited)",
					"@executable_path/Frameworks",
				);
				MARKETING_VERSION = 1.0;
				PRODUCT_BUNDLE_IDENTIFIER = com.application.Metyrenov;
				PRODUCT_NAME = "$(TARGET_NAME)";
				SUPPORTED_PLATFORMS = "iphoneos iphonesimulator";
				SUPPORTS_MACCATALYST = NO;
				SUPPORTS_MAC_DESIGNED_FOR_IPHONE_IPAD = NO;
				SUPPORTS_XR_DESIGNED_FOR_IPHONE_IPAD = NO;
				SWIFT_EMIT_LOC_STRINGS = YES;
				SWIFT_VERSION = 5.0;
				TARGETED_DEVICE_FAMILY = 1;
			};
			name = Debug;
		};
		47C547742D412F850002AEE6 /* Release */ = {
			isa = XCBuildConfiguration;
			buildSettings = {
				ASSETCATALOG_COMPILER_APPICON_NAME = AppIcon;
				ASSETCATALOG_COMPILER_GLOBAL_ACCENT_COLOR_NAME = AccentColor;
				CODE_SIGN_STYLE = Automatic;
				CURRENT_PROJECT_VERSION = 1;
				GENERATE_INFOPLIST_FILE = YES;
				INFOPLIST_FILE = Metyrenov/Info.plist;
				INFOPLIST_KEY_CFBundleDisplayName = Metyrenov;
				INFOPLIST_KEY_UIApplicationSupportsIndirectInputEvents = YES;
				INFOPLIST_KEY_UILaunchStoryboardName = LaunchScreen;
				INFOPLIST_KEY_UISupportedInterfaceOrientations = UIInterfaceOrientationPortrait;
				INFOPLIST_KEY_UISupportedInterfaceOrientations_iPad = "UIInterfaceOrientationLandscapeLeft UIInterfaceOrientationLandscapeRight UIInterfaceOrientationPortrait UIInterfaceOrientationPortraitUpsideDown";
				IPHONEOS_DEPLOYMENT_TARGET = 16;
				LD_RUNPATH_SEARCH_PATHS = (
					"$(inherited)",
					"@executable_path/Frameworks",
				);
				MARKETING_VERSION = 1.0;
				PRODUCT_BUNDLE_IDENTIFIER = com.application.Metyrenov;
				PRODUCT_NAME = "$(TARGET_NAME)";
				SUPPORTED_PLATFORMS = "iphoneos iphonesimulator";
				SUPPORTS_MACCATALYST = NO;
				SUPPORTS_MAC_DESIGNED_FOR_IPHONE_IPAD = NO;
				SUPPORTS_XR_DESIGNED_FOR_IPHONE_IPAD = NO;
				SWIFT_EMIT_LOC_STRINGS = YES;
				SWIFT_VERSION = 5.0;
				TARGETED_DEVICE_FAMILY = 1;
			};
			name = Release;
		};
		47C547752D412F850002AEE6 /* Debug */ = {
			isa = XCBuildConfiguration;
			buildSettings = {
				ALWAYS_SEARCH_USER_PATHS = NO;
				ASSETCATALOG_COMPILER_GENERATE_SWIFT_ASSET_SYMBOL_EXTENSIONS = YES;
				CLANG_ANALYZER_NONNULL = YES;
				CLANG_ANALYZER_NUMBER_OBJECT_CONVERSION = YES_AGGRESSIVE;
				CLANG_CXX_LANGUAGE_STANDARD = "gnu++20";
				CLANG_ENABLE_MODULES = YES;
				CLANG_ENABLE_OBJC_ARC = YES;
				CLANG_ENABLE_OBJC_WEAK = YES;
				CLANG_WARN_BLOCK_CAPTURE_AUTORELEASING = YES;
				CLANG_WARN_BOOL_CONVERSION = YES;
				CLANG_WARN_COMMA = YES;
				CLANG_WARN_CONSTANT_CONVERSION = YES;
				CLANG_WARN_DEPRECATED_OBJC_IMPLEMENTATIONS = YES;
				CLANG_WARN_DIRECT_OBJC_ISA_USAGE = YES_ERROR;
				CLANG_WARN_DOCUMENTATION_COMMENTS = YES;
				CLANG_WARN_EMPTY_BODY = YES;
				CLANG_WARN_ENUM_CONVERSION = YES;
				CLANG_WARN_INFINITE_RECURSION = YES;
				CLANG_WARN_INT_CONVERSION = YES;
				CLANG_WARN_NON_LITERAL_NULL_CONVERSION = YES;
				CLANG_WARN_OBJC_IMPLICIT_RETAIN_SELF = YES;
				CLANG_WARN_OBJC_LITERAL_CONVERSION = YES;
				CLANG_WARN_OBJC_ROOT_CLASS = YES_ERROR;
				CLANG_WARN_QUOTED_INCLUDE_IN_FRAMEWORK_HEADER = YES;
				CLANG_WARN_RANGE_LOOP_ANALYSIS = YES;
				CLANG_WARN_STRICT_PROTOTYPES = YES;
				CLANG_WARN_SUSPICIOUS_MOVE = YES;
				CLANG_WARN_UNGUARDED_AVAILABILITY = YES_AGGRESSIVE;
				CLANG_WARN_UNREACHABLE_CODE = YES;
				CLANG_WARN__DUPLICATE_METHOD_MATCH = YES;
				COPY_PHASE_STRIP = NO;
				DEBUG_INFORMATION_FORMAT = dwarf;
				ENABLE_STRICT_OBJC_MSGSEND = YES;
				ENABLE_TESTABILITY = YES;
				ENABLE_USER_SCRIPT_SANDBOXING = NO;
				GCC_C_LANGUAGE_STANDARD = gnu17;
				GCC_DYNAMIC_NO_PIC = NO;
				GCC_NO_COMMON_BLOCKS = YES;
				GCC_OPTIMIZATION_LEVEL = 0;
				GCC_PREPROCESSOR_DEFINITIONS = (
					"DEBUG=1",
					"$(inherited)",
				);
				GCC_WARN_64_TO_32_BIT_CONVERSION = YES;
				GCC_WARN_ABOUT_RETURN_TYPE = YES_ERROR;
				GCC_WARN_UNDECLARED_SELECTOR = YES;
				GCC_WARN_UNINITIALIZED_AUTOS = YES_AGGRESSIVE;
				GCC_WARN_UNUSED_FUNCTION = YES;
				GCC_WARN_UNUSED_VARIABLE = YES;
				IPHONEOS_DEPLOYMENT_TARGET = 18.2;
				LOCALIZATION_PREFERS_STRING_CATALOGS = YES;
				MTL_ENABLE_DEBUG_INFO = INCLUDE_SOURCE;
				MTL_FAST_MATH = YES;
				ONLY_ACTIVE_ARCH = YES;
				SDKROOT = iphoneos;
				SWIFT_ACTIVE_COMPILATION_CONDITIONS = "DEBUG $(inherited)";
				SWIFT_OPTIMIZATION_LEVEL = "-Onone";
			};
			name = Debug;
		};
		47C547762D412F850002AEE6 /* Release */ = {
			isa = XCBuildConfiguration;
			buildSettings = {
				ALWAYS_SEARCH_USER_PATHS = NO;
				ASSETCATALOG_COMPILER_GENERATE_SWIFT_ASSET_SYMBOL_EXTENSIONS = YES;
				CLANG_ANALYZER_NONNULL = YES;
				CLANG_ANALYZER_NUMBER_OBJECT_CONVERSION = YES_AGGRESSIVE;
				CLANG_CXX_LANGUAGE_STANDARD = "gnu++20";
				CLANG_ENABLE_MODULES = YES;
				CLANG_ENABLE_OBJC_ARC = YES;
				CLANG_ENABLE_OBJC_WEAK = YES;
				CLANG_WARN_BLOCK_CAPTURE_AUTORELEASING = YES;
				CLANG_WARN_BOOL_CONVERSION = YES;
				CLANG_WARN_COMMA = YES;
				CLANG_WARN_CONSTANT_CONVERSION = YES;
				CLANG_WARN_DEPRECATED_OBJC_IMPLEMENTATIONS = YES;
				CLANG_WARN_DIRECT_OBJC_ISA_USAGE = YES_ERROR;
				CLANG_WARN_DOCUMENTATION_COMMENTS = YES;
				CLANG_WARN_EMPTY_BODY = YES;
				CLANG_WARN_ENUM_CONVERSION = YES;
				CLANG_WARN_INFINITE_RECURSION = YES;
				CLANG_WARN_INT_CONVERSION = YES;
				CLANG_WARN_NON_LITERAL_NULL_CONVERSION = YES;
				CLANG_WARN_OBJC_IMPLICIT_RETAIN_SELF = YES;
				CLANG_WARN_OBJC_LITERAL_CONVERSION = YES;
				CLANG_WARN_OBJC_ROOT_CLASS = YES_ERROR;
				CLANG_WARN_QUOTED_INCLUDE_IN_FRAMEWORK_HEADER = YES;
				CLANG_WARN_RANGE_LOOP_ANALYSIS = YES;
				CLANG_WARN_STRICT_PROTOTYPES = YES;
				CLANG_WARN_SUSPICIOUS_MOVE = YES;
				CLANG_WARN_UNGUARDED_AVAILABILITY = YES_AGGRESSIVE;
				CLANG_WARN_UNREACHABLE_CODE = YES;
				CLANG_WARN__DUPLICATE_METHOD_MATCH = YES;
				COPY_PHASE_STRIP = NO;
				DEBUG_INFORMATION_FORMAT = "dwarf-with-dsym";
				ENABLE_NS_ASSERTIONS = NO;
				ENABLE_STRICT_OBJC_MSGSEND = YES;
				ENABLE_USER_SCRIPT_SANDBOXING = NO;
				GCC_C_LANGUAGE_STANDARD = gnu17;
				GCC_NO_COMMON_BLOCKS = YES;
				GCC_WARN_64_TO_32_BIT_CONVERSION = YES;
				GCC_WARN_ABOUT_RETURN_TYPE = YES_ERROR;
				GCC_WARN_UNDECLARED_SELECTOR = YES;
				GCC_WARN_UNINITIALIZED_AUTOS = YES_AGGRESSIVE;
				GCC_WARN_UNUSED_FUNCTION = YES;
				GCC_WARN_UNUSED_VARIABLE = YES;
				IPHONEOS_DEPLOYMENT_TARGET = 18.2;
				LOCALIZATION_PREFERS_STRING_CATALOGS = YES;
				MTL_ENABLE_DEBUG_INFO = NO;
				MTL_FAST_MATH = YES;
				SDKROOT = iphoneos;
				SWIFT_COMPILATION_MODE = wholemodule;
				VALIDATE_PRODUCT = YES;
			};
			name = Release;
		};
/* End XCBuildConfiguration section */

/* Begin XCConfigurationList section */
		47C5475A2D412F840002AEE6 /* Build configuration list for PBXProject "Metyrenov" */ = {
			isa = XCConfigurationList;
			buildConfigurations = (
				47C547752D412F850002AEE6 /* Debug */,
				47C547762D412F850002AEE6 /* Release */,
			);
			defaultConfigurationIsVisible = 0;
			defaultConfigurationName = Release;
		};
		47C547722D412F850002AEE6 /* Build configuration list for PBXNativeTarget "Metyrenov" */ = {
			isa = XCConfigurationList;
			buildConfigurations = (
				47C547732D412F850002AEE6 /* Debug */,
				47C547742D412F850002AEE6 /* Release */,
			);
			defaultConfigurationIsVisible = 0;
			defaultConfigurationName = Release;
		};
/* End XCConfigurationList section */
	};
	rootObject = 47C547572D412F840002AEE6 /* Project object */;
}
